// !$*UTF8*$!
{
	archiveVersion = 1;
	classes = {
	};
	objectVersion = 56;
	objects = {

/* Begin PBXBuildFile section */
		D3033B8A2A26327900550C4D /* ThirdSharpImageView.swift in Sources */ = {isa = PBXBuildFile; fileRef = D3033B892A26327900550C4D /* ThirdSharpImageView.swift */; };
		D304E5352A27A24400E54349 /* drinksInfo.swift in Sources */ = {isa = PBXBuildFile; fileRef = D304E5342A27A24400E54349 /* drinksInfo.swift */; };
		D32829A52A28DE0E00681337 /* ResultViewController.swift in Sources */ = {isa = PBXBuildFile; fileRef = D32829A42A28DE0E00681337 /* ResultViewController.swift */; };
		D3B3057A2A1E3E9900B7BC81 /* AppDelegate.swift in Sources */ = {isa = PBXBuildFile; fileRef = D3B305792A1E3E9900B7BC81 /* AppDelegate.swift */; };
		D3B3057C2A1E3E9900B7BC81 /* SceneDelegate.swift in Sources */ = {isa = PBXBuildFile; fileRef = D3B3057B2A1E3E9900B7BC81 /* SceneDelegate.swift */; };
		D3B305812A1E3E9900B7BC81 /* Main.storyboard in Resources */ = {isa = PBXBuildFile; fileRef = D3B3057F2A1E3E9900B7BC81 /* Main.storyboard */; };
		D3B305832A1E3E9B00B7BC81 /* Assets.xcassets in Resources */ = {isa = PBXBuildFile; fileRef = D3B305822A1E3E9B00B7BC81 /* Assets.xcassets */; };
		D3B305862A1E3E9B00B7BC81 /* LaunchScreen.storyboard in Resources */ = {isa = PBXBuildFile; fileRef = D3B305842A1E3E9B00B7BC81 /* LaunchScreen.storyboard */; };
		D3B3059A2A20E95800B7BC81 /* SharpImageView.swift in Sources */ = {isa = PBXBuildFile; fileRef = D3B305992A20E95800B7BC81 /* SharpImageView.swift */; };
		D3F93AB72A24848C001DE7FF /* StarBucksViewController.swift in Sources */ = {isa = PBXBuildFile; fileRef = D3F93AB62A24848C001DE7FF /* StarBucksViewController.swift */; };
		D3F93ABB2A24DFE2001DE7FF /* SecondSharpImageView.swift in Sources */ = {isa = PBXBuildFile; fileRef = D3F93ABA2A24DFE2001DE7FF /* SecondSharpImageView.swift */; };
/* End PBXBuildFile section */

/* Begin PBXFileReference section */
		D3033B892A26327900550C4D /* ThirdSharpImageView.swift */ = {isa = PBXFileReference; lastKnownFileType = sourcecode.swift; path = ThirdSharpImageView.swift; sourceTree = "<group>"; };
		D304E5342A27A24400E54349 /* drinksInfo.swift */ = {isa = PBXFileReference; lastKnownFileType = sourcecode.swift; path = drinksInfo.swift; sourceTree = "<group>"; };
		D32829A42A28DE0E00681337 /* ResultViewController.swift */ = {isa = PBXFileReference; lastKnownFileType = sourcecode.swift; path = ResultViewController.swift; sourceTree = "<group>"; };
		D3B305762A1E3E9900B7BC81 /* HW#27_funAppForIBActionAndIBOutet.app */ = {isa = PBXFileReference; explicitFileType = wrapper.application; includeInIndex = 0; path = "HW#27_funAppForIBActionAndIBOutet.app"; sourceTree = BUILT_PRODUCTS_DIR; };
		D3B305792A1E3E9900B7BC81 /* AppDelegate.swift */ = {isa = PBXFileReference; lastKnownFileType = sourcecode.swift; path = AppDelegate.swift; sourceTree = "<group>"; };
		D3B3057B2A1E3E9900B7BC81 /* SceneDelegate.swift */ = {isa = PBXFileReference; lastKnownFileType = sourcecode.swift; path = SceneDelegate.swift; sourceTree = "<group>"; };
		D3B305802A1E3E9900B7BC81 /* Base */ = {isa = PBXFileReference; lastKnownFileType = file.storyboard; name = Base; path = Base.lproj/Main.storyboard; sourceTree = "<group>"; };
		D3B305822A1E3E9B00B7BC81 /* Assets.xcassets */ = {isa = PBXFileReference; lastKnownFileType = folder.assetcatalog; path = Assets.xcassets; sourceTree = "<group>"; };
		D3B305852A1E3E9B00B7BC81 /* Base */ = {isa = PBXFileReference; lastKnownFileType = file.storyboard; name = Base; path = Base.lproj/LaunchScreen.storyboard; sourceTree = "<group>"; };
		D3B305872A1E3E9B00B7BC81 /* Info.plist */ = {isa = PBXFileReference; lastKnownFileType = text.plist.xml; path = Info.plist; sourceTree = "<group>"; };
		D3B305992A20E95800B7BC81 /* SharpImageView.swift */ = {isa = PBXFileReference; lastKnownFileType = sourcecode.swift; path = SharpImageView.swift; sourceTree = "<group>"; };
		D3F93AB62A24848C001DE7FF /* StarBucksViewController.swift */ = {isa = PBXFileReference; lastKnownFileType = sourcecode.swift; path = StarBucksViewController.swift; sourceTree = "<group>"; };
		D3F93ABA2A24DFE2001DE7FF /* SecondSharpImageView.swift */ = {isa = PBXFileReference; lastKnownFileType = sourcecode.swift; path = SecondSharpImageView.swift; sourceTree = "<group>"; };
/* End PBXFileReference section */

/* Begin PBXFrameworksBuildPhase section */
		D3B305732A1E3E9900B7BC81 /* Frameworks */ = {
			isa = PBXFrameworksBuildPhase;
			buildActionMask = 2147483647;
			files = (
			);
			runOnlyForDeploymentPostprocessing = 0;
		};
/* End PBXFrameworksBuildPhase section */

/* Begin PBXGroup section */
		D3B3056D2A1E3E9900B7BC81 = {
			isa = PBXGroup;
			children = (
				D3B305782A1E3E9900B7BC81 /* HW#27_funAppForIBActionAndIBOutet */,
				D3B305772A1E3E9900B7BC81 /* Products */,
			);
			sourceTree = "<group>";
		};
		D3B305772A1E3E9900B7BC81 /* Products */ = {
			isa = PBXGroup;
			children = (
				D3B305762A1E3E9900B7BC81 /* HW#27_funAppForIBActionAndIBOutet.app */,
			);
			name = Products;
			sourceTree = "<group>";
		};
		D3B305782A1E3E9900B7BC81 /* HW#27_funAppForIBActionAndIBOutet */ = {
			isa = PBXGroup;
			children = (
				D3B305792A1E3E9900B7BC81 /* AppDelegate.swift */,
				D3B3057B2A1E3E9900B7BC81 /* SceneDelegate.swift */,
				D3F93AB62A24848C001DE7FF /* StarBucksViewController.swift */,
				D32829A42A28DE0E00681337 /* ResultViewController.swift */,
				D3B305992A20E95800B7BC81 /* SharpImageView.swift */,
				D3F93ABA2A24DFE2001DE7FF /* SecondSharpImageView.swift */,
				D3033B892A26327900550C4D /* ThirdSharpImageView.swift */,
				D304E5342A27A24400E54349 /* drinksInfo.swift */,
				D3B3057F2A1E3E9900B7BC81 /* Main.storyboard */,
				D3B305822A1E3E9B00B7BC81 /* Assets.xcassets */,
				D3B305842A1E3E9B00B7BC81 /* LaunchScreen.storyboard */,
				D3B305872A1E3E9B00B7BC81 /* Info.plist */,
			);
			path = "HW#27_funAppForIBActionAndIBOutet";
			sourceTree = "<group>";
		};
/* End PBXGroup section */

/* Begin PBXNativeTarget section */
		D3B305752A1E3E9900B7BC81 /* HW#27_funAppForIBActionAndIBOutet */ = {
			isa = PBXNativeTarget;
			buildConfigurationList = D3B3058A2A1E3E9B00B7BC81 /* Build configuration list for PBXNativeTarget "HW#27_funAppForIBActionAndIBOutet" */;
			buildPhases = (
				D3B305722A1E3E9900B7BC81 /* Sources */,
				D3B305732A1E3E9900B7BC81 /* Frameworks */,
				D3B305742A1E3E9900B7BC81 /* Resources */,
			);
			buildRules = (
			);
			dependencies = (
			);
			name = "HW#27_funAppForIBActionAndIBOutet";
			productName = "HW#27_funAppForIBActionAndIBOutet";
			productReference = D3B305762A1E3E9900B7BC81 /* HW#27_funAppForIBActionAndIBOutet.app */;
			productType = "com.apple.product-type.application";
		};
/* End PBXNativeTarget section */

/* Begin PBXProject section */
		D3B3056E2A1E3E9900B7BC81 /* Project object */ = {
			isa = PBXProject;
			attributes = {
				BuildIndependentTargetsInParallel = 1;
				LastSwiftUpdateCheck = 1430;
				LastUpgradeCheck = 1430;
				TargetAttributes = {
					D3B305752A1E3E9900B7BC81 = {
						CreatedOnToolsVersion = 14.3;
					};
				};
			};
			buildConfigurationList = D3B305712A1E3E9900B7BC81 /* Build configuration list for PBXProject "HW#27_funAppForIBActionAndIBOutet" */;
			compatibilityVersion = "Xcode 14.0";
			developmentRegion = en;
			hasScannedForEncodings = 0;
			knownRegions = (
				en,
				Base,
			);
			mainGroup = D3B3056D2A1E3E9900B7BC81;
			productRefGroup = D3B305772A1E3E9900B7BC81 /* Products */;
			projectDirPath = "";
			projectRoot = "";
			targets = (
				D3B305752A1E3E9900B7BC81 /* HW#27_funAppForIBActionAndIBOutet */,
			);
		};
/* End PBXProject section */

/* Begin PBXResourcesBuildPhase section */
		D3B305742A1E3E9900B7BC81 /* Resources */ = {
			isa = PBXResourcesBuildPhase;
			buildActionMask = 2147483647;
			files = (
				D3B305862A1E3E9B00B7BC81 /* LaunchScreen.storyboard in Resources */,
				D3B305832A1E3E9B00B7BC81 /* Assets.xcassets in Resources */,
				D3B305812A1E3E9900B7BC81 /* Main.storyboard in Resources */,
			);
			runOnlyForDeploymentPostprocessing = 0;
		};
/* End PBXResourcesBuildPhase section */

/* Begin PBXSourcesBuildPhase section */
		D3B305722A1E3E9900B7BC81 /* Sources */ = {
			isa = PBXSourcesBuildPhase;
			buildActionMask = 2147483647;
			files = (
				D3B3057A2A1E3E9900B7BC81 /* AppDelegate.swift in Sources */,
				D3B3059A2A20E95800B7BC81 /* SharpImageView.swift in Sources */,
				D3B3057C2A1E3E9900B7BC81 /* SceneDelegate.swift in Sources */,
				D3F93ABB2A24DFE2001DE7FF /* SecondSharpImageView.swift in Sources */,
				D3033B8A2A26327900550C4D /* ThirdSharpImageView.swift in Sources */,
				D3F93AB72A24848C001DE7FF /* StarBucksViewController.swift in Sources */,
				D304E5352A27A24400E54349 /* drinksInfo.swift in Sources */,
				D32829A52A28DE0E00681337 /* ResultViewController.swift in Sources */,
			);
			runOnlyForDeploymentPostprocessing = 0;
		};
/* End PBXSourcesBuildPhase section */

/* Begin PBXVariantGroup section */
		D3B3057F2A1E3E9900B7BC81 /* Main.storyboard */ = {
			isa = PBXVariantGroup;
			children = (
				D3B305802A1E3E9900B7BC81 /* Base */,
			);
			name = Main.storyboard;
			sourceTree = "<group>";
		};
		D3B305842A1E3E9B00B7BC81 /* LaunchScreen.storyboard */ = {
			isa = PBXVariantGroup;
			children = (
				D3B305852A1E3E9B00B7BC81 /* Base */,
			);
			name = LaunchScreen.storyboard;
			sourceTree = "<group>";
		};
/* End PBXVariantGroup section */

/* Begin XCBuildConfiguration section */
		D3B305882A1E3E9B00B7BC81 /* Debug */ = {
			isa = XCBuildConfiguration;
			buildSettings = {
				ALWAYS_SEARCH_USER_PATHS = NO;
				CLANG_ANALYZER_NONNULL = YES;
				CLANG_ANALYZER_NUMBER_OBJECT_CONVERSION = YES_AGGRESSIVE;
				CLANG_CXX_LANGUAGE_STANDARD = "gnu++20";
				CLANG_ENABLE_MODULES = YES;
				CLANG_ENABLE_OBJC_ARC = YES;
				CLANG_ENABLE_OBJC_WEAK = YES;
				CLANG_WARN_BLOCK_CAPTURE_AUTORELEASING = YES;
				CLANG_WARN_BOOL_CONVERSION = YES;
				CLANG_WARN_COMMA = YES;
				CLANG_WARN_CONSTANT_CONVERSION = YES;
				CLANG_WARN_DEPRECATED_OBJC_IMPLEMENTATIONS = YES;
				CLANG_WARN_DIRECT_OBJC_ISA_USAGE = YES_ERROR;
				CLANG_WARN_DOCUMENTATION_COMMENTS = YES;
				CLANG_WARN_EMPTY_BODY = YES;
				CLANG_WARN_ENUM_CONVERSION = YES;
				CLANG_WARN_INFINITE_RECURSION = YES;
				CLANG_WARN_INT_CONVERSION = YES;
				CLANG_WARN_NON_LITERAL_NULL_CONVERSION = YES;
				CLANG_WARN_OBJC_IMPLICIT_RETAIN_SELF = YES;
				CLANG_WARN_OBJC_LITERAL_CONVERSION = YES;
				CLANG_WARN_OBJC_ROOT_CLASS = YES_ERROR;
				CLANG_WARN_QUOTED_INCLUDE_IN_FRAMEWORK_HEADER = YES;
				CLANG_WARN_RANGE_LOOP_ANALYSIS = YES;
				CLANG_WARN_STRICT_PROTOTYPES = YES;
				CLANG_WARN_SUSPICIOUS_MOVE = YES;
				CLANG_WARN_UNGUARDED_AVAILABILITY = YES_AGGRESSIVE;
				CLANG_WARN_UNREACHABLE_CODE = YES;
				CLANG_WARN__DUPLICATE_METHOD_MATCH = YES;
				COPY_PHASE_STRIP = NO;
				DEBUG_INFORMATION_FORMAT = dwarf;
				ENABLE_STRICT_OBJC_MSGSEND = YES;
				ENABLE_TESTABILITY = YES;
				GCC_C_LANGUAGE_STANDARD = gnu11;
				GCC_DYNAMIC_NO_PIC = NO;
				GCC_NO_COMMON_BLOCKS = YES;
				GCC_OPTIMIZATION_LEVEL = 0;
				GCC_PREPROCESSOR_DEFINITIONS = (
					"DEBUG=1",
					"$(inherited)",
				);
				GCC_WARN_64_TO_32_BIT_CONVERSION = YES;
				GCC_WARN_ABOUT_RETURN_TYPE = YES_ERROR;
				GCC_WARN_UNDECLARED_SELECTOR = YES;
				GCC_WARN_UNINITIALIZED_AUTOS = YES_AGGRESSIVE;
				GCC_WARN_UNUSED_FUNCTION = YES;
				GCC_WARN_UNUSED_VARIABLE = YES;
				IPHONEOS_DEPLOYMENT_TARGET = 16.4;
				MTL_ENABLE_DEBUG_INFO = INCLUDE_SOURCE;
				MTL_FAST_MATH = YES;
				ONLY_ACTIVE_ARCH = YES;
				SDKROOT = iphoneos;
				SWIFT_ACTIVE_COMPILATION_CONDITIONS = DEBUG;
				SWIFT_OPTIMIZATION_LEVEL = "-Onone";
			};
			name = Debug;
		};
		D3B305892A1E3E9B00B7BC81 /* Release */ = {
			isa = XCBuildConfiguration;
			buildSettings = {
				ALWAYS_SEARCH_USER_PATHS = NO;
				CLANG_ANALYZER_NONNULL = YES;
				CLANG_ANALYZER_NUMBER_OBJECT_CONVERSION = YES_AGGRESSIVE;
				CLANG_CXX_LANGUAGE_STANDARD = "gnu++20";
				CLANG_ENABLE_MODULES = YES;
				CLANG_ENABLE_OBJC_ARC = YES;
				CLANG_ENABLE_OBJC_WEAK = YES;
				CLANG_WARN_BLOCK_CAPTURE_AUTORELEASING = YES;
				CLANG_WARN_BOOL_CONVERSION = YES;
				CLANG_WARN_COMMA = YES;
				CLANG_WARN_CONSTANT_CONVERSION = YES;
				CLANG_WARN_DEPRECATED_OBJC_IMPLEMENTATIONS = YES;
				CLANG_WARN_DIRECT_OBJC_ISA_USAGE = YES_ERROR;
				CLANG_WARN_DOCUMENTATION_COMMENTS = YES;
				CLANG_WARN_EMPTY_BODY = YES;
				CLANG_WARN_ENUM_CONVERSION = YES;
				CLANG_WARN_INFINITE_RECURSION = YES;
				CLANG_WARN_INT_CONVERSION = YES;
				CLANG_WARN_NON_LITERAL_NULL_CONVERSION = YES;
				CLANG_WARN_OBJC_IMPLICIT_RETAIN_SELF = YES;
				CLANG_WARN_OBJC_LITERAL_CONVERSION = YES;
				CLANG_WARN_OBJC_ROOT_CLASS = YES_ERROR;
				CLANG_WARN_QUOTED_INCLUDE_IN_FRAMEWORK_HEADER = YES;
				CLANG_WARN_RANGE_LOOP_ANALYSIS = YES;
				CLANG_WARN_STRICT_PROTOTYPES = YES;
				CLANG_WARN_SUSPICIOUS_MOVE = YES;
				CLANG_WARN_UNGUARDED_AVAILABILITY = YES_AGGRESSIVE;
				CLANG_WARN_UNREACHABLE_CODE = YES;
				CLANG_WARN__DUPLICATE_METHOD_MATCH = YES;
				COPY_PHASE_STRIP = NO;
				DEBUG_INFORMATION_FORMAT = "dwarf-with-dsym";
				ENABLE_NS_ASSERTIONS = NO;
				ENABLE_STRICT_OBJC_MSGSEND = YES;
				GCC_C_LANGUAGE_STANDARD = gnu11;
				GCC_NO_COMMON_BLOCKS = YES;
				GCC_WARN_64_TO_32_BIT_CONVERSION = YES;
				GCC_WARN_ABOUT_RETURN_TYPE = YES_ERROR;
				GCC_WARN_UNDECLARED_SELECTOR = YES;
				GCC_WARN_UNINITIALIZED_AUTOS = YES_AGGRESSIVE;
				GCC_WARN_UNUSED_FUNCTION = YES;
				GCC_WARN_UNUSED_VARIABLE = YES;
				IPHONEOS_DEPLOYMENT_TARGET = 16.4;
				MTL_ENABLE_DEBUG_INFO = NO;
				MTL_FAST_MATH = YES;
				SDKROOT = iphoneos;
				SWIFT_COMPILATION_MODE = wholemodule;
				SWIFT_OPTIMIZATION_LEVEL = "-O";
				VALIDATE_PRODUCT = YES;
			};
			name = Release;
		};
		D3B3058B2A1E3E9B00B7BC81 /* Debug */ = {
			isa = XCBuildConfiguration;
			buildSettings = {
				ASSETCATALOG_COMPILER_APPICON_NAME = AppIcon;
				ASSETCATALOG_COMPILER_GLOBAL_ACCENT_COLOR_NAME = AccentColor;
				CODE_SIGN_STYLE = Automatic;
				CURRENT_PROJECT_VERSION = 1;
				DEVELOPMENT_TEAM = 7NJ9W73ML8;
				GENERATE_INFOPLIST_FILE = YES;
				INFOPLIST_FILE = "HW#27_funAppForIBActionAndIBOutet/Info.plist";
				INFOPLIST_KEY_UIApplicationSupportsIndirectInputEvents = YES;
				INFOPLIST_KEY_UILaunchStoryboardName = LaunchScreen;
				INFOPLIST_KEY_UIMainStoryboardFile = Main;
				INFOPLIST_KEY_UISupportedInterfaceOrientations_iPad = "UIInterfaceOrientationPortrait UIInterfaceOrientationPortraitUpsideDown UIInterfaceOrientationLandscapeLeft UIInterfaceOrientationLandscapeRight";
				INFOPLIST_KEY_UISupportedInterfaceOrientations_iPhone = "UIInterfaceOrientationPortrait UIInterfaceOrientationLandscapeLeft UIInterfaceOrientationLandscapeRight";
				LD_RUNPATH_SEARCH_PATHS = (
					"$(inherited)",
					"@executable_path/Frameworks",
				);
				MARKETING_VERSION = 1.0;
				PRODUCT_BUNDLE_IDENTIFIER = "com.Daweihao.HW-27-funAppForIBActionAndIBOutet";
				PRODUCT_NAME = "$(TARGET_NAME)";
				SWIFT_EMIT_LOC_STRINGS = YES;
				SWIFT_VERSION = 5.0;
				TARGETED_DEVICE_FAMILY = "1,2";
			};
			name = Debug;
		};
		D3B3058C2A1E3E9B00B7BC81 /* Release */ = {
			isa = XCBuildConfiguration;
			buildSettings = {
				ASSETCATALOG_COMPILER_APPICON_NAME = AppIcon;
				ASSETCATALOG_COMPILER_GLOBAL_ACCENT_COLOR_NAME = AccentColor;
				CODE_SIGN_STYLE = Automatic;
				CURRENT_PROJECT_VERSION = 1;
				DEVELOPMENT_TEAM = 7NJ9W73ML8;
				GENERATE_INFOPLIST_FILE = YES;
				INFOPLIST_FILE = "HW#27_funAppForIBActionAndIBOutet/Info.plist";
				INFOPLIST_KEY_UIApplicationSupportsIndirectInputEvents = YES;
				INFOPLIST_KEY_UILaunchStoryboardName = LaunchScreen;
				INFOPLIST_KEY_UIMainStoryboardFile = Main;
				INFOPLIST_KEY_UISupportedInterfaceOrientations_iPad = "UIInterfaceOrientationPortrait UIInterfaceOrientationPortraitUpsideDown UIInterfaceOrientationLandscapeLeft UIInterfaceOrientationLandscapeRight";
				INFOPLIST_KEY_UISupportedInterfaceOrientations_iPhone = "UIInterfaceOrientationPortrait UIInterfaceOrientationLandscapeLeft UIInterfaceOrientationLandscapeRight";
				LD_RUNPATH_SEARCH_PATHS = (
					"$(inherited)",
					"@executable_path/Frameworks",
				);
				MARKETING_VERSION = 1.0;
				PRODUCT_BUNDLE_IDENTIFIER = "com.Daweihao.HW-27-funAppForIBActionAndIBOutet";
				PRODUCT_NAME = "$(TARGET_NAME)";
				SWIFT_EMIT_LOC_STRINGS = YES;
				SWIFT_VERSION = 5.0;
				TARGETED_DEVICE_FAMILY = "1,2";
			};
			name = Release;
		};
/* End XCBuildConfiguration section */

/* Begin XCConfigurationList section */
		D3B305712A1E3E9900B7BC81 /* Build configuration list for PBXProject "HW#27_funAppForIBActionAndIBOutet" */ = {
			isa = XCConfigurationList;
			buildConfigurations = (
				D3B305882A1E3E9B00B7BC81 /* Debug */,
				D3B305892A1E3E9B00B7BC81 /* Release */,
			);
			defaultConfigurationIsVisible = 0;
			defaultConfigurationName = Release;
		};
		D3B3058A2A1E3E9B00B7BC81 /* Build configuration list for PBXNativeTarget "HW#27_funAppForIBActionAndIBOutet" */ = {
			isa = XCConfigurationList;
			buildConfigurations = (
				D3B3058B2A1E3E9B00B7BC81 /* Debug */,
				D3B3058C2A1E3E9B00B7BC81 /* Release */,
			);
			defaultConfigurationIsVisible = 0;
			defaultConfigurationName = Release;
		};
/* End XCConfigurationList section */
	};
	rootObject = D3B3056E2A1E3E9900B7BC81 /* Project object */;
}
